
Microsoft Visual Studio Solution File, Format Version 12.00
# Visual Studio Version 17
Project("{8BC9CEB8-8B4A-11D0-8D11-00A0C91BC942}") = "ALL_BUILD", "ALL_BUILD.vcxproj", "{D97E5CC8-21CE-3B62-AB0B-DFEF885EE693}"
	ProjectSection(ProjectDependencies) = postProject
		{7896168D-7852-3304-B4F1-AC014373B03C} = {7896168D-7852-3304-B4F1-AC014373B03C}
		{3BAFF352-4806-3062-BDAF-1A6F8EBAE3C2} = {3BAFF352-4806-3062-BDAF-1A6F8EBAE3C2}
	EndProjectSection
EndProject
Project("{8BC9CEB8-8B4A-11D0-8D11-00A0C91BC942}") = "INSTALL", "INSTALL.vcxproj", "{5F33B992-028C-333D-BDE7-C4FB4B14344C}"
	ProjectSection(ProjectDependencies) = postProject
		{D97E5CC8-21CE-3B62-AB0B-DFEF885EE693} = {D97E5CC8-21CE-3B62-AB0B-DFEF885EE693}
		{7896168D-7852-3304-B4F1-AC014373B03C} = {7896168D-7852-3304-B4F1-AC014373B03C}
	EndProjectSection
EndProject
Project("{8BC9CEB8-8B4A-11D0-8D11-00A0C91BC942}") = "ZERO_CHECK", "ZERO_CHECK.vcxproj", "{7896168D-7852-3304-B4F1-AC014373B03C}"
	ProjectSection(ProjectDependencies) = postProject
	EndProjectSection
EndProject
Project("{8BC9CEB8-8B4A-11D0-8D11-00A0C91BC942}") = "version", "version.vcxproj", "{3BAFF352-4806-3062-BDAF-1A6F8EBAE3C2}"
	ProjectSection(ProjectDependencies) = postProject
		{7896168D-7852-3304-B4F1-AC014373B03C} = {7896168D-7852-3304-B4F1-AC014373B03C}
	EndProjectSection
EndProject
Global
	GlobalSection(SolutionConfigurationPlatforms) = preSolution
		Debug|x64 = Debug|x64
		Release|x64 = Release|x64
		MinSizeRel|x64 = MinSizeRel|x64
		RelWithDebInfo|x64 = RelWithDebInfo|x64
	EndGlobalSection
	GlobalSection(ProjectConfigurationPlatforms) = postSolution
		{D97E5CC8-21CE-3B62-AB0B-DFEF885EE693}.Debug|x64.ActiveCfg = Debug|x64
		{D97E5CC8-21CE-3B62-AB0B-DFEF885EE693}.Debug|x64.Build.0 = Debug|x64
		{D97E5CC8-21CE-3B62-AB0B-DFEF885EE693}.Release|x64.ActiveCfg = Release|x64
		{D97E5CC8-21CE-3B62-AB0B-DFEF885EE693}.Release|x64.Build.0 = Release|x64
		{D97E5CC8-21CE-3B62-AB0B-DFEF885EE693}.MinSizeRel|x64.ActiveCfg = MinSizeRel|x64
		{D97E5CC8-21CE-3B62-AB0B-DFEF885EE693}.MinSizeRel|x64.Build.0 = MinSizeRel|x64
		{D97E5CC8-21CE-3B62-AB0B-DFEF885EE693}.RelWithDebInfo|x64.ActiveCfg = RelWithDebInfo|x64
		{D97E5CC8-21CE-3B62-AB0B-DFEF885EE693}.RelWithDebInfo|x64.Build.0 = RelWithDebInfo|x64
		{5F33B992-028C-333D-BDE7-C4FB4B14344C}.Debug|x64.ActiveCfg = Debug|x64
		{5F33B992-028C-333D-BDE7-C4FB4B14344C}.Release|x64.ActiveCfg = Release|x64
		{5F33B992-028C-333D-BDE7-C4FB4B14344C}.MinSizeRel|x64.ActiveCfg = MinSizeRel|x64
		{5F33B992-028C-333D-BDE7-C4FB4B14344C}.RelWithDebInfo|x64.ActiveCfg = RelWithDebInfo|x64
		{7896168D-7852-3304-B4F1-AC014373B03C}.Debug|x64.ActiveCfg = Debug|x64
		{7896168D-7852-3304-B4F1-AC014373B03C}.Debug|x64.Build.0 = Debug|x64
		{7896168D-7852-3304-B4F1-AC014373B03C}.Release|x64.ActiveCfg = Release|x64
		{7896168D-7852-3304-B4F1-AC014373B03C}.Release|x64.Build.0 = Release|x64
		{7896168D-7852-3304-B4F1-AC014373B03C}.MinSizeRel|x64.ActiveCfg = MinSizeRel|x64
		{7896168D-7852-3304-B4F1-AC014373B03C}.MinSizeRel|x64.Build.0 = MinSizeRel|x64
		{7896168D-7852-3304-B4F1-AC014373B03C}.RelWithDebInfo|x64.ActiveCfg = RelWithDebInfo|x64
		{7896168D-7852-3304-B4F1-AC014373B03C}.RelWithDebInfo|x64.Build.0 = RelWithDebInfo|x64
		{3BAFF352-4806-3062-BDAF-1A6F8EBAE3C2}.Debug|x64.ActiveCfg = Debug|x64
		{3BAFF352-4806-3062-BDAF-1A6F8EBAE3C2}.Debug|x64.Build.0 = Debug|x64
		{3BAFF352-4806-3062-BDAF-1A6F8EBAE3C2}.Release|x64.ActiveCfg = Release|x64
		{3BAFF352-4806-3062-BDAF-1A6F8EBAE3C2}.Release|x64.Build.0 = Release|x64
		{3BAFF352-4806-3062-BDAF-1A6F8EBAE3C2}.MinSizeRel|x64.ActiveCfg = MinSizeRel|x64
		{3BAFF352-4806-3062-BDAF-1A6F8EBAE3C2}.MinSizeRel|x64.Build.0 = MinSizeRel|x64
		{3BAFF352-4806-3062-BDAF-1A6F8EBAE3C2}.RelWithDebInfo|x64.ActiveCfg = RelWithDebInfo|x64
		{3BAFF352-4806-3062-BDAF-1A6F8EBAE3C2}.RelWithDebInfo|x64.Build.0 = RelWithDebInfo|x64
	EndGlobalSection
	GlobalSection(ExtensibilityGlobals) = postSolution
		SolutionGuid = {38FBE32A-B460-366E-AC72-CC9F14C77ABB}
	EndGlobalSection
	GlobalSection(ExtensibilityAddIns) = postSolution
	EndGlobalSection
EndGlobal
