<?xml version="1.0" encoding="utf-8"?>
<Project ToolsVersion="17.0" xmlns="http://schemas.microsoft.com/developer/msbuild/2003">
  <ItemGroup>
    <ClCompile Include="E:\ProjectCode\C++Code\antigravity-proxy\src\buffer.c">
      <Filter>Source Files</Filter>
    </ClCompile>
    <ClCompile Include="E:\ProjectCode\C++Code\antigravity-proxy\src\hook.c">
      <Filter>Source Files</Filter>
    </ClCompile>
    <ClCompile Include="E:\ProjectCode\C++Code\antigravity-proxy\src\trampoline.c">
      <Filter>Source Files</Filter>
    </ClCompile>
    <ClCompile Include="E:\ProjectCode\C++Code\antigravity-proxy\src\hde\hde64.c">
      <Filter>Source Files</Filter>
    </ClCompile>
    <ClCompile Include="E:\ProjectCode\C++Code\antigravity-proxy\src\main.cpp">
      <Filter>Source Files</Filter>
    </ClCompile>
    <ClCompile Include="E:\ProjectCode\C++Code\antigravity-proxy\src\hooks\Hooks.cpp">
      <Filter>Source Files</Filter>
    </ClCompile>
    <ClCompile Include="E:\ProjectCode\C++Code\antigravity-proxy\src\proxy\VersionProxy.cpp">
      <Filter>Source Files</Filter>
    </ClCompile>
  </ItemGroup>
  <ItemGroup>
    <CustomBuild Include="E:\ProjectCode\C++Code\antigravity-proxy\CMakeLists.txt" />
  </ItemGroup>
  <ItemGroup>
    <Filter Include="Source Files">
      <UniqueIdentifier>{81BFD015-75A0-3DFC-9D3C-6C7B05A2D190}</UniqueIdentifier>
    </Filter>
  </ItemGroup>
</Project>
